
Microsoft Visual Studio Solution File, Format Version 12.00
# Visual Studio 15
VisualStudioVersion = 15.0.27703.2026
MinimumVisualStudioVersion = 10.0.40219.1
Project("{FAE04EC0-301F-11D3-BF4B-00C04F79EFBC}") = "Decorator", "Decorator\Decorator.csproj", "{46B1DA32-8E87-46F7-9938-FBF34D3B7457}"
EndProject
Global
	GlobalSection(SolutionConfigurationPlatforms) = preSolution
		Debug|Any CPU = Debug|Any CPU
		Release|Any CPU = Release|Any CPU
	EndGlobalSection
	GlobalSection(ProjectConfigurationPlatforms) = postSolution
		{46B1DA32-8E87-46F7-9938-FBF34D3B7457}.Debug|Any CPU.ActiveCfg = Debug|Any CPU
		{46B1DA32-8E87-46F7-9938-FBF34D3B7457}.Debug|Any CPU.Build.0 = Debug|Any CPU
		{46B1DA32-8E87-46F7-9938-FBF34D3B7457}.Release|Any CPU.ActiveCfg = Release|Any CPU
		{46B1DA32-8E87-46F7-9938-FBF34D3B7457}.Release|Any CPU.Build.0 = Release|Any CPU
	EndGlobalSection
	GlobalSection(SolutionProperties) = preSolution
		HideSolutionNode = FALSE
	EndGlobalSection
	GlobalSection(ExtensibilityGlobals) = postSolution
		SolutionGuid = {28516181-48DD-429D-865D-A5284D5B0CEF}
	EndGlobalSection
EndGlobal
